// !$*UTF8*$!
{
	archiveVersion = 1;
	classes = {
	};
	objectVersion = 77;
	objects = {

/* Begin PBXBuildFile section */
		F223FE6D3044F9D3006137C9 /* AppDelegate.swift in Sources */ = {isa = PBXBuildFile; fileRef = F223FE6C3044F9D3006137C9 /* AppDelegate.swift */; };
		F223FE713044F9D3006137C9 /* Main.html in Resources */ = {isa = PBXBuildFile; fileRef = F223FE6F3044F9D3006137C9 /* Main.html */; };
		F223FE733044F9D3006137C9 /* Icon.png in Resources */ = {isa = PBXBuildFile; fileRef = F223FE723044F9D3006137C9 /* Icon.png */; };
		F223FE753044F9D3006137C9 /* Style.css in Resources */ = {isa = PBXBuildFile; fileRef = F223FE743044F9D3006137C9 /* Style.css */; };
		F223FE773044F9D3006137C9 /* Script.js in Resources */ = {isa = PBXBuildFile; fileRef = F223FE763044F9D3006137C9 /* Script.js */; };
		F223FE793044F9D3006137C9 /* ViewController.swift in Sources */ = {isa = PBXBuildFile; fileRef = F223FE783044F9D3006137C9 /* ViewController.swift */; };
		F223FE7C3044F9D3006137C9 /* Main.storyboard in Resources */ = {isa = PBXBuildFile; fileRef = F223FE7A3044F9D3006137C9 /* Main.storyboard */; };
		F223FE7E3044F9D4006137C9 /* Assets.xcassets in Resources */ = {isa = PBXBuildFile; fileRef = F223FE7D3044F9D4006137C9 /* Assets.xcassets */; };
		F223FE853044F9D5006137C9 /* neo-snipe Extension.appex in Embed Foundation Extensions */ = {isa = PBXBuildFile; fileRef = F223FE843044F9D5006137C9 /* neo-snipe Extension.appex */; settings = {ATTRIBUTES = (RemoveHeadersOnCopy, ); }; };
		F223FE8A3044F9D5006137C9 /* SafariWebExtensionHandler.swift in Sources */ = {isa = PBXBuildFile; fileRef = F223FE893044F9D5006137C9 /* SafariWebExtensionHandler.swift */; };
		F223FE9C3044F9D5006137C9 /* background.js in Resources */ = {isa = PBXBuildFile; fileRef = F223FE963044F9D5006137C9 /* background.js */; };
		F223FE9D3044F9D5006137C9 /* icons in Resources */ = {isa = PBXBuildFile; fileRef = F223FE973044F9D5006137C9 /* icons */; };
		F223FE9E3044F9D5006137C9 /* manifest.json in Resources */ = {isa = PBXBuildFile; fileRef = F223FE983044F9D5006137C9 /* manifest.json */; };
		F223FE9F3044F9D5006137C9 /* content.js in Resources */ = {isa = PBXBuildFile; fileRef = F223FE993044F9D5006137C9 /* content.js */; };
		F223FEA03044F9D5006137C9 /* assets in Resources */ = {isa = PBXBuildFile; fileRef = F223FE9A3044F9D5006137C9 /* assets */; };
		F223FEA13044F9D5006137C9 /* src in Resources */ = {isa = PBXBuildFile; fileRef = F223FE9B3044F9D5006137C9 /* src */; };
/* End PBXBuildFile section */

/* Begin PBXContainerItemProxy section */
		F223FE863044F9D5006137C9 /* PBXContainerItemProxy */ = {
			isa = PBXContainerItemProxy;
			containerPortal = F223FE613044F9D3006137C9 /* Project object */;
			proxyType = 1;
			remoteGlobalIDString = F223FE833044F9D5006137C9;
			remoteInfo = "neo-snipe Extension";
		};
/* End PBXContainerItemProxy section */

/* Begin PBXCopyFilesBuildPhase section */
		F223FE913044F9D5006137C9 /* Embed Foundation Extensions */ = {
			isa = PBXCopyFilesBuildPhase;
			buildActionMask = 2147483647;
			dstPath = "";
			dstSubfolderSpec = 13;
			files = (
				F223FE853044F9D5006137C9 /* neo-snipe Extension.appex in Embed Foundation Extensions */,
			);
			name = "Embed Foundation Extensions";
			runOnlyForDeploymentPostprocessing = 0;
		};
/* End PBXCopyFilesBuildPhase section */

/* Begin PBXFileReference section */
		F223FE693044F9D3006137C9 /* neo-snipe.app */ = {isa = PBXFileReference; explicitFileType = wrapper.application; includeInIndex = 0; path = "neo-snipe.app"; sourceTree = BUILT_PRODUCTS_DIR; };
		F223FE6C3044F9D3006137C9 /* AppDelegate.swift */ = {isa = PBXFileReference; lastKnownFileType = sourcecode.swift; path = AppDelegate.swift; sourceTree = "<group>"; };
		F223FE703044F9D3006137C9 /* Base */ = {isa = PBXFileReference; lastKnownFileType = text.html; name = Base; path = Base.lproj/Main.html; sourceTree = "<group>"; };
		F223FE723044F9D3006137C9 /* Icon.png */ = {isa = PBXFileReference; lastKnownFileType = image.png; path = Icon.png; sourceTree = "<group>"; };
		F223FE743044F9D3006137C9 /* Style.css */ = {isa = PBXFileReference; lastKnownFileType = text.css; path = Style.css; sourceTree = "<group>"; };
		F223FE763044F9D3006137C9 /* Script.js */ = {isa = PBXFileReference; lastKnownFileType = sourcecode.javascript; path = Script.js; sourceTree = "<group>"; };
		F223FE783044F9D3006137C9 /* ViewController.swift */ = {isa = PBXFileReference; lastKnownFileType = sourcecode.swift; path = ViewController.swift; sourceTree = "<group>"; };
		F223FE7B3044F9D3006137C9 /* Base */ = {isa = PBXFileReference; lastKnownFileType = file.storyboard; name = Base; path = Base.lproj/Main.storyboard; sourceTree = "<group>"; };
		F223FE7D3044F9D4006137C9 /* Assets.xcassets */ = {isa = PBXFileReference; lastKnownFileType = folder.assetcatalog; path = Assets.xcassets; sourceTree = "<group>"; };
		F223FE7F3044F9D4006137C9 /* Info.plist */ = {isa = PBXFileReference; lastKnownFileType = text.plist.xml; path = Info.plist; sourceTree = "<group>"; };
		F223FE843044F9D5006137C9 /* neo-snipe Extension.appex */ = {isa = PBXFileReference; explicitFileType = "wrapper.app-extension"; includeInIndex = 0; path = "neo-snipe Extension.appex"; sourceTree = BUILT_PRODUCTS_DIR; };
		F223FE893044F9D5006137C9 /* SafariWebExtensionHandler.swift */ = {isa = PBXFileReference; lastKnownFileType = sourcecode.swift; path = SafariWebExtensionHandler.swift; sourceTree = "<group>"; };
		F223FE8B3044F9D5006137C9 /* Info.plist */ = {isa = PBXFileReference; lastKnownFileType = text.plist.xml; path = Info.plist; sourceTree = "<group>"; };
		F223FE963044F9D5006137C9 /* background.js */ = {isa = PBXFileReference; lastKnownFileType = sourcecode.javascript; name = background.js; path = "../../../extension/dist-safari/background.js"; sourceTree = "<group>"; };
		F223FE973044F9D5006137C9 /* icons */ = {isa = PBXFileReference; lastKnownFileType = folder; name = icons; path = "../../../extension/dist-safari/icons"; sourceTree = "<group>"; };
		F223FE983044F9D5006137C9 /* manifest.json */ = {isa = PBXFileReference; lastKnownFileType = text.json; name = manifest.json; path = "../../../extension/dist-safari/manifest.json"; sourceTree = "<group>"; };
		F223FE993044F9D5006137C9 /* content.js */ = {isa = PBXFileReference; lastKnownFileType = sourcecode.javascript; name = content.js; path = "../../../extension/dist-safari/content.js"; sourceTree = "<group>"; };
		F223FE9A3044F9D5006137C9 /* assets */ = {isa = PBXFileReference; lastKnownFileType = folder; name = assets; path = "../../../extension/dist-safari/assets"; sourceTree = "<group>"; };
		F223FE9B3044F9D5006137C9 /* src */ = {isa = PBXFileReference; lastKnownFileType = folder; name = src; path = "../../../extension/dist-safari/src"; sourceTree = "<group>"; };
/* End PBXFileReference section */

/* Begin PBXFrameworksBuildPhase section */
		F223FE663044F9D3006137C9 /* Frameworks */ = {
			isa = PBXFrameworksBuildPhase;
			buildActionMask = 2147483647;
			files = (
			);
			runOnlyForDeploymentPostprocessing = 0;
		};
		F223FE813044F9D5006137C9 /* Frameworks */ = {
			isa = PBXFrameworksBuildPhase;
			buildActionMask = 2147483647;
			files = (
			);
			runOnlyForDeploymentPostprocessing = 0;
		};
/* End PBXFrameworksBuildPhase section */

/* Begin PBXGroup section */
		F223FE603044F9D3006137C9 = {
			isa = PBXGroup;
			children = (
				F223FE6B3044F9D3006137C9 /* neo-snipe */,
				F223FE883044F9D5006137C9 /* neo-snipe Extension */,
				F223FE6A3044F9D3006137C9 /* Products */,
			);
			sourceTree = "<group>";
		};
		F223FE6A3044F9D3006137C9 /* Products */ = {
			isa = PBXGroup;
			children = (
				F223FE693044F9D3006137C9 /* neo-snipe.app */,
				F223FE843044F9D5006137C9 /* neo-snipe Extension.appex */,
			);
			name = Products;
			sourceTree = "<group>";
		};
		F223FE6B3044F9D3006137C9 /* neo-snipe */ = {
			isa = PBXGroup;
			children = (
				F223FE6C3044F9D3006137C9 /* AppDelegate.swift */,
				F223FE783044F9D3006137C9 /* ViewController.swift */,
				F223FE7A3044F9D3006137C9 /* Main.storyboard */,
				F223FE7D3044F9D4006137C9 /* Assets.xcassets */,
				F223FE7F3044F9D4006137C9 /* Info.plist */,
				F223FE6E3044F9D3006137C9 /* Resources */,
			);
			path = "neo-snipe";
			sourceTree = "<group>";
		};
		F223FE6E3044F9D3006137C9 /* Resources */ = {
			isa = PBXGroup;
			children = (
				F223FE6F3044F9D3006137C9 /* Main.html */,
				F223FE723044F9D3006137C9 /* Icon.png */,
				F223FE743044F9D3006137C9 /* Style.css */,
				F223FE763044F9D3006137C9 /* Script.js */,
			);
			path = Resources;
			sourceTree = "<group>";
		};
		F223FE883044F9D5006137C9 /* neo-snipe Extension */ = {
			isa = PBXGroup;
			children = (
				F223FE953044F9D5006137C9 /* Resources */,
				F223FE893044F9D5006137C9 /* SafariWebExtensionHandler.swift */,
				F223FE8B3044F9D5006137C9 /* Info.plist */,
			);
			path = "neo-snipe Extension";
			sourceTree = "<group>";
		};
		F223FE953044F9D5006137C9 /* Resources */ = {
			isa = PBXGroup;
			children = (
				F223FE963044F9D5006137C9 /* background.js */,
				F223FE973044F9D5006137C9 /* icons */,
				F223FE983044F9D5006137C9 /* manifest.json */,
				F223FE993044F9D5006137C9 /* content.js */,
				F223FE9A3044F9D5006137C9 /* assets */,
				F223FE9B3044F9D5006137C9 /* src */,
			);
			name = Resources;
			path = "neo-snipe Extension";
			sourceTree = SOURCE_ROOT;
		};
/* End PBXGroup section */

/* Begin PBXNativeTarget section */
		F223FE683044F9D3006137C9 /* neo-snipe */ = {
			isa = PBXNativeTarget;
			buildConfigurationList = F223FE923044F9D5006137C9 /* Build configuration list for PBXNativeTarget "neo-snipe" */;
			buildPhases = (
				F223FE653044F9D3006137C9 /* Sources */,
				F223FE663044F9D3006137C9 /* Frameworks */,
				F223FE673044F9D3006137C9 /* Resources */,
				F223FE913044F9D5006137C9 /* Embed Foundation Extensions */,
			);
			buildRules = (
			);
			dependencies = (
				F223FE873044F9D5006137C9 /* PBXTargetDependency */,
			);
			name = "neo-snipe";
			packageProductDependencies = (
			);
			productName = "neo-snipe";
			productReference = F223FE693044F9D3006137C9 /* neo-snipe.app */;
			productType = "com.apple.product-type.application";
		};
		F223FE833044F9D5006137C9 /* neo-snipe Extension */ = {
			isa = PBXNativeTarget;
			buildConfigurationList = F223FE8E3044F9D5006137C9 /* Build configuration list for PBXNativeTarget "neo-snipe Extension" */;
			buildPhases = (
				F223FE803044F9D5006137C9 /* Sources */,
				F223FE813044F9D5006137C9 /* Frameworks */,
				F223FE823044F9D5006137C9 /* Resources */,
			);
			buildRules = (
			);
			dependencies = (
			);
			name = "neo-snipe Extension";
			packageProductDependencies = (
			);
			productName = "neo-snipe Extension";
			productReference = F223FE843044F9D5006137C9 /* neo-snipe Extension.appex */;
			productType = "com.apple.product-type.app-extension";
		};
/* End PBXNativeTarget section */

/* Begin PBXProject section */
		F223FE613044F9D3006137C9 /* Project object */ = {
			isa = PBXProject;
			attributes = {
				BuildIndependentTargetsInParallel = 1;
				LastSwiftUpdateCheck = 2620;
				LastUpgradeCheck = 2620;
				TargetAttributes = {
					F223FE683044F9D3006137C9 = {
						CreatedOnToolsVersion = 26.2;
					};
					F223FE833044F9D5006137C9 = {
						CreatedOnToolsVersion = 26.2;
					};
				};
			};
			buildConfigurationList = F223FE643044F9D3006137C9 /* Build configuration list for PBXProject "neo-snipe" */;
			developmentRegion = en;
			hasScannedForEncodings = 0;
			knownRegions = (
				en,
				Base,
			);
			mainGroup = F223FE603044F9D3006137C9;
			minimizedProjectReferenceProxies = 1;
			preferredProjectObjectVersion = 77;
			productRefGroup = F223FE6A3044F9D3006137C9 /* Products */;
			projectDirPath = "";
			projectRoot = "";
			targets = (
				F223FE683044F9D3006137C9 /* neo-snipe */,
				F223FE833044F9D5006137C9 /* neo-snipe Extension */,
			);
		};
/* End PBXProject section */

/* Begin PBXResourcesBuildPhase section */
		F223FE673044F9D3006137C9 /* Resources */ = {
			isa = PBXResourcesBuildPhase;
			buildActionMask = 2147483647;
			files = (
				F223FE733044F9D3006137C9 /* Icon.png in Resources */,
				F223FE7C3044F9D3006137C9 /* Main.storyboard in Resources */,
				F223FE773044F9D3006137C9 /* Script.js in Resources */,
				F223FE713044F9D3006137C9 /* Main.html in Resources */,
				F223FE7E3044F9D4006137C9 /* Assets.xcassets in Resources */,
				F223FE753044F9D3006137C9 /* Style.css in Resources */,
			);
			runOnlyForDeploymentPostprocessing = 0;
		};
		F223FE823044F9D5006137C9 /* Resources */ = {
			isa = PBXResourcesBuildPhase;
			buildActionMask = 2147483647;
			files = (
				F223FEA03044F9D5006137C9 /* assets in Resources */,
				F223FE9F3044F9D5006137C9 /* content.js in Resources */,
				F223FE9C3044F9D5006137C9 /* background.js in Resources */,
				F223FEA13044F9D5006137C9 /* src in Resources */,
				F223FE9E3044F9D5006137C9 /* manifest.json in Resources */,
				F223FE9D3044F9D5006137C9 /* icons in Resources */,
			);
			runOnlyForDeploymentPostprocessing = 0;
		};
/* End PBXResourcesBuildPhase section */

/* Begin PBXSourcesBuildPhase section */
		F223FE653044F9D3006137C9 /* Sources */ = {
			isa = PBXSourcesBuildPhase;
			buildActionMask = 2147483647;
			files = (
				F223FE793044F9D3006137C9 /* ViewController.swift in Sources */,
				F223FE6D3044F9D3006137C9 /* AppDelegate.swift in Sources */,
			);
			runOnlyForDeploymentPostprocessing = 0;
		};
		F223FE803044F9D5006137C9 /* Sources */ = {
			isa = PBXSourcesBuildPhase;
			buildActionMask = 2147483647;
			files = (
				F223FE8A3044F9D5006137C9 /* SafariWebExtensionHandler.swift in Sources */,
			);
			runOnlyForDeploymentPostprocessing = 0;
		};
/* End PBXSourcesBuildPhase section */

/* Begin PBXTargetDependency section */
		F223FE873044F9D5006137C9 /* PBXTargetDependency */ = {
			isa = PBXTargetDependency;
			target = F223FE833044F9D5006137C9 /* neo-snipe Extension */;
			targetProxy = F223FE863044F9D5006137C9 /* PBXContainerItemProxy */;
		};
/* End PBXTargetDependency section */

/* Begin PBXVariantGroup section */
		F223FE6F3044F9D3006137C9 /* Main.html */ = {
			isa = PBXVariantGroup;
			children = (
				F223FE703044F9D3006137C9 /* Base */,
			);
			name = Main.html;
			sourceTree = "<group>";
		};
		F223FE7A3044F9D3006137C9 /* Main.storyboard */ = {
			isa = PBXVariantGroup;
			children = (
				F223FE7B3044F9D3006137C9 /* Base */,
			);
			name = Main.storyboard;
			sourceTree = "<group>";
		};
/* End PBXVariantGroup section */

/* Begin XCBuildConfiguration section */
		F223FE8C3044F9D5006137C9 /* Debug */ = {
			isa = XCBuildConfiguration;
			buildSettings = {
				ALWAYS_SEARCH_USER_PATHS = NO;
				ASSETCATALOG_COMPILER_GENERATE_SWIFT_ASSET_SYMBOL_EXTENSIONS = YES;
				CLANG_ANALYZER_NONNULL = YES;
				CLANG_ANALYZER_NUMBER_OBJECT_CONVERSION = YES_AGGRESSIVE;
				CLANG_CXX_LANGUAGE_STANDARD = "gnu++20";
				CLANG_ENABLE_MODULES = YES;
				CLANG_ENABLE_OBJC_ARC = YES;
				CLANG_ENABLE_OBJC_WEAK = YES;
				CLANG_WARN_BLOCK_CAPTURE_AUTORELEASING = YES;
				CLANG_WARN_BOOL_CONVERSION = YES;
				CLANG_WARN_COMMA = YES;
				CLANG_WARN_CONSTANT_CONVERSION = YES;
				CLANG_WARN_DEPRECATED_OBJC_IMPLEMENTATIONS = YES;
				CLANG_WARN_DIRECT_OBJC_ISA_USAGE = YES_ERROR;
				CLANG_WARN_DOCUMENTATION_COMMENTS = YES;
				CLANG_WARN_EMPTY_BODY = YES;
				CLANG_WARN_ENUM_CONVERSION = YES;
				CLANG_WARN_INFINITE_RECURSION = YES;
				CLANG_WARN_INT_CONVERSION = YES;
				CLANG_WARN_NON_LITERAL_NULL_CONVERSION = YES;
				CLANG_WARN_OBJC_IMPLICIT_RETAIN_SELF = YES;
				CLANG_WARN_OBJC_LITERAL_CONVERSION = YES;
				CLANG_WARN_OBJC_ROOT_CLASS = YES_ERROR;
				CLANG_WARN_QUOTED_INCLUDE_IN_FRAMEWORK_HEADER = YES;
				CLANG_WARN_RANGE_LOOP_ANALYSIS = YES;
				CLANG_WARN_STRICT_PROTOTYPES = YES;
				CLANG_WARN_SUSPICIOUS_MOVE = YES;
				CLANG_WARN_UNGUARDED_AVAILABILITY = YES_AGGRESSIVE;
				CLANG_WARN_UNREACHABLE_CODE = YES;
				CLANG_WARN__DUPLICATE_METHOD_MATCH = YES;
				COPY_PHASE_STRIP = NO;
				DEBUG_INFORMATION_FORMAT = dwarf;
				ENABLE_STRICT_OBJC_MSGSEND = YES;
				ENABLE_TESTABILITY = YES;
				ENABLE_USER_SCRIPT_SANDBOXING = YES;
				GCC_C_LANGUAGE_STANDARD = gnu17;
				GCC_DYNAMIC_NO_PIC = NO;
				GCC_NO_COMMON_BLOCKS = YES;
				GCC_OPTIMIZATION_LEVEL = 0;
				GCC_PREPROCESSOR_DEFINITIONS = (
					"DEBUG=1",
					"$(inherited)",
				);
				GCC_WARN_64_TO_32_BIT_CONVERSION = YES;
				GCC_WARN_ABOUT_RETURN_TYPE = YES_ERROR;
				GCC_WARN_UNDECLARED_SELECTOR = YES;
				GCC_WARN_UNINITIALIZED_AUTOS = YES_AGGRESSIVE;
				GCC_WARN_UNUSED_FUNCTION = YES;
				GCC_WARN_UNUSED_VARIABLE = YES;
				LOCALIZATION_PREFERS_STRING_CATALOGS = YES;
				MACOSX_DEPLOYMENT_TARGET = 26.1;
				MTL_ENABLE_DEBUG_INFO = INCLUDE_SOURCE;
				MTL_FAST_MATH = YES;
				ONLY_ACTIVE_ARCH = YES;
				SDKROOT = macosx;
				SWIFT_ACTIVE_COMPILATION_CONDITIONS = "DEBUG $(inherited)";
				SWIFT_OPTIMIZATION_LEVEL = "-Onone";
			};
			name = Debug;
		};
		F223FE8D3044F9D5006137C9 /* Release */ = {
			isa = XCBuildConfiguration;
			buildSettings = {
				ALWAYS_SEARCH_USER_PATHS = NO;
				ASSETCATALOG_COMPILER_GENERATE_SWIFT_ASSET_SYMBOL_EXTENSIONS = YES;
				CLANG_ANALYZER_NONNULL = YES;
				CLANG_ANALYZER_NUMBER_OBJECT_CONVERSION = YES_AGGRESSIVE;
				CLANG_CXX_LANGUAGE_STANDARD = "gnu++20";
				CLANG_ENABLE_MODULES = YES;
				CLANG_ENABLE_OBJC_ARC = YES;
				CLANG_ENABLE_OBJC_WEAK = YES;
				CLANG_WARN_BLOCK_CAPTURE_AUTORELEASING = YES;
				CLANG_WARN_BOOL_CONVERSION = YES;
				CLANG_WARN_COMMA = YES;
				CLANG_WARN_CONSTANT_CONVERSION = YES;
				CLANG_WARN_DEPRECATED_OBJC_IMPLEMENTATIONS = YES;
				CLANG_WARN_DIRECT_OBJC_ISA_USAGE = YES_ERROR;
				CLANG_WARN_DOCUMENTATION_COMMENTS = YES;
				CLANG_WARN_EMPTY_BODY = YES;
				CLANG_WARN_ENUM_CONVERSION = YES;
				CLANG_WARN_INFINITE_RECURSION = YES;
				CLANG_WARN_INT_CONVERSION = YES;
				CLANG_WARN_NON_LITERAL_NULL_CONVERSION = YES;
				CLANG_WARN_OBJC_IMPLICIT_RETAIN_SELF = YES;
				CLANG_WARN_OBJC_LITERAL_CONVERSION = YES;
				CLANG_WARN_OBJC_ROOT_CLASS = YES_ERROR;
				CLANG_WARN_QUOTED_INCLUDE_IN_FRAMEWORK_HEADER = YES;
				CLANG_WARN_RANGE_LOOP_ANALYSIS = YES;
				CLANG_WARN_STRICT_PROTOTYPES = YES;
				CLANG_WARN_SUSPICIOUS_MOVE = YES;
				CLANG_WARN_UNGUARDED_AVAILABILITY = YES_AGGRESSIVE;
				CLANG_WARN_UNREACHABLE_CODE = YES;
				CLANG_WARN__DUPLICATE_METHOD_MATCH = YES;
				COPY_PHASE_STRIP = NO;
				DEBUG_INFORMATION_FORMAT = "dwarf-with-dsym";
				ENABLE_NS_ASSERTIONS = NO;
				ENABLE_STRICT_OBJC_MSGSEND = YES;
				ENABLE_USER_SCRIPT_SANDBOXING = YES;
				GCC_C_LANGUAGE_STANDARD = gnu17;
				GCC_NO_COMMON_BLOCKS = YES;
				GCC_WARN_64_TO_32_BIT_CONVERSION = YES;
				GCC_WARN_ABOUT_RETURN_TYPE = YES_ERROR;
				GCC_WARN_UNDECLARED_SELECTOR = YES;
				GCC_WARN_UNINITIALIZED_AUTOS = YES_AGGRESSIVE;
				GCC_WARN_UNUSED_FUNCTION = YES;
				GCC_WARN_UNUSED_VARIABLE = YES;
				LOCALIZATION_PREFERS_STRING_CATALOGS = YES;
				MACOSX_DEPLOYMENT_TARGET = 26.1;
				MTL_ENABLE_DEBUG_INFO = NO;
				MTL_FAST_MATH = YES;
				SDKROOT = macosx;
				SWIFT_COMPILATION_MODE = wholemodule;
			};
			name = Release;
		};
		F223FE8F3044F9D5006137C9 /* Debug */ = {
			isa = XCBuildConfiguration;
			buildSettings = {
				CODE_SIGN_STYLE = Automatic;
				CURRENT_PROJECT_VERSION = 1;
				ENABLE_APP_SANDBOX = YES;
				ENABLE_HARDENED_RUNTIME = YES;
				ENABLE_USER_SELECTED_FILES = readonly;
				GENERATE_INFOPLIST_FILE = YES;
				INFOPLIST_FILE = "neo-snipe Extension/Info.plist";
				INFOPLIST_KEY_CFBundleDisplayName = "neo-snipe Extension";
				INFOPLIST_KEY_NSHumanReadableCopyright = "";
				LD_RUNPATH_SEARCH_PATHS = (
					"$(inherited)",
					"@executable_path/../Frameworks",
					"@executable_path/../../../../Frameworks",
				);
				MACOSX_DEPLOYMENT_TARGET = 10.14;
				MARKETING_VERSION = 1.0;
				OTHER_LDFLAGS = (
					"-framework",
					SafariServices,
				);
				PRODUCT_BUNDLE_IDENTIFIER = "com.gilbertrogers.neo-snipe.Extension";
				PRODUCT_NAME = "$(TARGET_NAME)";
				SKIP_INSTALL = YES;
				STRING_CATALOG_GENERATE_SYMBOLS = YES;
				SWIFT_APPROACHABLE_CONCURRENCY = YES;
				SWIFT_EMIT_LOC_STRINGS = YES;
				SWIFT_UPCOMING_FEATURE_MEMBER_IMPORT_VISIBILITY = YES;
				SWIFT_VERSION = 5.0;
			};
			name = Debug;
		};
		F223FE903044F9D5006137C9 /* Release */ = {
			isa = XCBuildConfiguration;
			buildSettings = {
				CODE_SIGN_STYLE = Automatic;
				CURRENT_PROJECT_VERSION = 1;
				ENABLE_APP_SANDBOX = YES;
				ENABLE_HARDENED_RUNTIME = YES;
				ENABLE_USER_SELECTED_FILES = readonly;
				GENERATE_INFOPLIST_FILE = YES;
				INFOPLIST_FILE = "neo-snipe Extension/Info.plist";
				INFOPLIST_KEY_CFBundleDisplayName = "neo-snipe Extension";
				INFOPLIST_KEY_NSHumanReadableCopyright = "";
				LD_RUNPATH_SEARCH_PATHS = (
					"$(inherited)",
					"@executable_path/../Frameworks",
					"@executable_path/../../../../Frameworks",
				);
				MACOSX_DEPLOYMENT_TARGET = 10.14;
				MARKETING_VERSION = 1.0;
				OTHER_LDFLAGS = (
					"-framework",
					SafariServices,
				);
				PRODUCT_BUNDLE_IDENTIFIER = "com.gilbertrogers.neo-snipe.Extension";
				PRODUCT_NAME = "$(TARGET_NAME)";
				SKIP_INSTALL = YES;
				STRING_CATALOG_GENERATE_SYMBOLS = YES;
				SWIFT_APPROACHABLE_CONCURRENCY = YES;
				SWIFT_EMIT_LOC_STRINGS = YES;
				SWIFT_UPCOMING_FEATURE_MEMBER_IMPORT_VISIBILITY = YES;
				SWIFT_VERSION = 5.0;
			};
			name = Release;
		};
		F223FE933044F9D5006137C9 /* Debug */ = {
			isa = XCBuildConfiguration;
			buildSettings = {
				ASSETCATALOG_COMPILER_APPICON_NAME = AppIcon;
				ASSETCATALOG_COMPILER_GLOBAL_ACCENT_COLOR_NAME = AccentColor;
				CODE_SIGN_STYLE = Automatic;
				COMBINE_HIDPI_IMAGES = YES;
				CURRENT_PROJECT_VERSION = 1;
				ENABLE_APP_SANDBOX = YES;
				ENABLE_HARDENED_RUNTIME = YES;
				ENABLE_OUTGOING_NETWORK_CONNECTIONS = YES;
				ENABLE_USER_SELECTED_FILES = readonly;
				GENERATE_INFOPLIST_FILE = YES;
				INFOPLIST_FILE = "neo-snipe/Info.plist";
				INFOPLIST_KEY_CFBundleDisplayName = "neo-snipe";
				INFOPLIST_KEY_NSHumanReadableCopyright = "";
				INFOPLIST_KEY_NSMainStoryboardFile = Main;
				INFOPLIST_KEY_NSPrincipalClass = NSApplication;
				LD_RUNPATH_SEARCH_PATHS = (
					"$(inherited)",
					"@executable_path/../Frameworks",
				);
				MARKETING_VERSION = 1.0;
				OTHER_LDFLAGS = (
					"-framework",
					SafariServices,
					"-framework",
					WebKit,
				);
				PRODUCT_BUNDLE_IDENTIFIER = "com.gilbertrogers.neo-snipe";
				PRODUCT_NAME = "$(TARGET_NAME)";
				REGISTER_APP_GROUPS = YES;
				STRING_CATALOG_GENERATE_SYMBOLS = YES;
				SWIFT_APPROACHABLE_CONCURRENCY = YES;
				SWIFT_DEFAULT_ACTOR_ISOLATION = MainActor;
				SWIFT_EMIT_LOC_STRINGS = YES;
				SWIFT_UPCOMING_FEATURE_MEMBER_IMPORT_VISIBILITY = YES;
				SWIFT_VERSION = 5.0;
			};
			name = Debug;
		};
		F223FE943044F9D5006137C9 /* Release */ = {
			isa = XCBuildConfiguration;
			buildSettings = {
				ASSETCATALOG_COMPILER_APPICON_NAME = AppIcon;
				ASSETCATALOG_COMPILER_GLOBAL_ACCENT_COLOR_NAME = AccentColor;
				CODE_SIGN_STYLE = Automatic;
				COMBINE_HIDPI_IMAGES = YES;
				CURRENT_PROJECT_VERSION = 1;
				ENABLE_APP_SANDBOX = YES;
				ENABLE_HARDENED_RUNTIME = YES;
				ENABLE_OUTGOING_NETWORK_CONNECTIONS = YES;
				ENABLE_USER_SELECTED_FILES = readonly;
				GENERATE_INFOPLIST_FILE = YES;
				INFOPLIST_FILE = "neo-snipe/Info.plist";
				INFOPLIST_KEY_CFBundleDisplayName = "neo-snipe";
				INFOPLIST_KEY_NSHumanReadableCopyright = "";
				INFOPLIST_KEY_NSMainStoryboardFile = Main;
				INFOPLIST_KEY_NSPrincipalClass = NSApplication;
				LD_RUNPATH_SEARCH_PATHS = (
					"$(inherited)",
					"@executable_path/../Frameworks",
				);
				MARKETING_VERSION = 1.0;
				OTHER_LDFLAGS = (
					"-framework",
					SafariServices,
					"-framework",
					WebKit,
				);
				PRODUCT_BUNDLE_IDENTIFIER = "com.gilbertrogers.neo-snipe";
				PRODUCT_NAME = "$(TARGET_NAME)";
				REGISTER_APP_GROUPS = YES;
				STRING_CATALOG_GENERATE_SYMBOLS = YES;
				SWIFT_APPROACHABLE_CONCURRENCY = YES;
				SWIFT_DEFAULT_ACTOR_ISOLATION = MainActor;
				SWIFT_EMIT_LOC_STRINGS = YES;
				SWIFT_UPCOMING_FEATURE_MEMBER_IMPORT_VISIBILITY = YES;
				SWIFT_VERSION = 5.0;
			};
			name = Release;
		};
/* End XCBuildConfiguration section */

/* Begin XCConfigurationList section */
		F223FE643044F9D3006137C9 /* Build configuration list for PBXProject "neo-snipe" */ = {
			isa = XCConfigurationList;
			buildConfigurations = (
				F223FE8C3044F9D5006137C9 /* Debug */,
				F223FE8D3044F9D5006137C9 /* Release */,
			);
			defaultConfigurationIsVisible = 0;
			defaultConfigurationName = Release;
		};
		F223FE8E3044F9D5006137C9 /* Build configuration list for PBXNativeTarget "neo-snipe Extension" */ = {
			isa = XCConfigurationList;
			buildConfigurations = (
				F223FE8F3044F9D5006137C9 /* Debug */,
				F223FE903044F9D5006137C9 /* Release */,
			);
			defaultConfigurationIsVisible = 0;
			defaultConfigurationName = Release;
		};
		F223FE923044F9D5006137C9 /* Build configuration list for PBXNativeTarget "neo-snipe" */ = {
			isa = XCConfigurationList;
			buildConfigurations = (
				F223FE933044F9D5006137C9 /* Debug */,
				F223FE943044F9D5006137C9 /* Release */,
			);
			defaultConfigurationIsVisible = 0;
			defaultConfigurationName = Release;
		};
/* End XCConfigurationList section */
	};
	rootObject = F223FE613044F9D3006137C9 /* Project object */;
}
